
Microsoft Visual Studio Solution File, Format Version 12.00
# Visual Studio Version 16
VisualStudioVersion = 16.0.30320.27
MinimumVisualStudioVersion = 10.0.40219.1
Project("{FAE04EC0-301F-11D3-BF4B-00C04F79EFBC}") = "BetterNotes", "BetterNotes\BetterNotes.csproj", "{A843D2E7-0EDE-4EDD-A709-04653DC2F1C6}"
EndProject
Project("{FAE04EC0-301F-11D3-BF4B-00C04F79EFBC}") = "Homepage", "Homepage\Homepage.csproj", "{B9EB8BD3-AB55-4242-9C30-7BA0C58F1856}"
EndProject
Project("{FAE04EC0-301F-11D3-BF4B-00C04F79EFBC}") = "Notes Page", "Notes Page\Notes Page.csproj", "{F81BBF34-719E-4EAA-8742-BEB50BA99637}"
EndProject
Global
	GlobalSection(SolutionConfigurationPlatforms) = preSolution
		Debug|Any CPU = Debug|Any CPU
		Release|Any CPU = Release|Any CPU
	EndGlobalSection
	GlobalSection(ProjectConfigurationPlatforms) = postSolution
		{A843D2E7-0EDE-4EDD-A709-04653DC2F1C6}.Debug|Any CPU.ActiveCfg = Debug|Any CPU
		{A843D2E7-0EDE-4EDD-A709-04653DC2F1C6}.Debug|Any CPU.Build.0 = Debug|Any CPU
		{A843D2E7-0EDE-4EDD-A709-04653DC2F1C6}.Release|Any CPU.ActiveCfg = Release|Any CPU
		{A843D2E7-0EDE-4EDD-A709-04653DC2F1C6}.Release|Any CPU.Build.0 = Release|Any CPU
		{B9EB8BD3-AB55-4242-9C30-7BA0C58F1856}.Debug|Any CPU.ActiveCfg = Debug|Any CPU
		{B9EB8BD3-AB55-4242-9C30-7BA0C58F1856}.Debug|Any CPU.Build.0 = Debug|Any CPU
		{B9EB8BD3-AB55-4242-9C30-7BA0C58F1856}.Release|Any CPU.ActiveCfg = Release|Any CPU
		{B9EB8BD3-AB55-4242-9C30-7BA0C58F1856}.Release|Any CPU.Build.0 = Release|Any CPU
		{F81BBF34-719E-4EAA-8742-BEB50BA99637}.Debug|Any CPU.ActiveCfg = Debug|Any CPU
		{F81BBF34-719E-4EAA-8742-BEB50BA99637}.Debug|Any CPU.Build.0 = Debug|Any CPU
		{F81BBF34-719E-4EAA-8742-BEB50BA99637}.Release|Any CPU.ActiveCfg = Release|Any CPU
		{F81BBF34-719E-4EAA-8742-BEB50BA99637}.Release|Any CPU.Build.0 = Release|Any CPU
	EndGlobalSection
	GlobalSection(SolutionProperties) = preSolution
		HideSolutionNode = FALSE
	EndGlobalSection
	GlobalSection(ExtensibilityGlobals) = postSolution
		SolutionGuid = {159B6B4C-EB1E-4D6F-9363-D360C96CC00D}
	EndGlobalSection
EndGlobal
